{
    "_readme": [
        "This file locks the dependencies of your project to a known state",
        "Read more about it at https://getcomposer.org/doc/01-basic-usage.md#installing-dependencies",
        "This file is @generated automatically"
    ],
    "content-hash": "01712689fd89c4f9ab1ecd3a6d74db1e",
    "packages": [
        {
            "name": "digitalnature/php-ref",
            "version": "dev-master",
            "source": {
                "type": "git",
                "url": "https://github.com/digitalnature/php-ref.git",
                "reference": "2381f04d7ebcbce1072e86b98a0ccbad191f3290"
            },
            "dist": {
                "type": "zip",
                "url": "https://api.github.com/repos/digitalnature/php-ref/zipball/2381f04d7ebcbce1072e86b98a0ccbad191f3290",
                "reference": "2381f04d7ebcbce1072e86b98a0ccbad191f3290",
                "shasum": ""
            },
            "require": {
                "php": ">=5.3.0"
            },
            "default-branch": true,
            "type": "library",
            "autoload": {
                "files": [
                    "ref.php"
                ]
            },
            "notification-url": "https://packagist.org/downloads/",
            "license": [
                "MIT"
            ],
            "description": "A nicer print_r/var_dump alternative for PHP 5.3+",
            "homepage": "https://github.com/digitalnature/php-ref",
            "keywords": [
                "debug",
                "var_dump"
            ],
            "support": {
                "issues": "https://github.com/digitalnature/php-ref/issues",
                "source": "https://github.com/digitalnature/php-ref/tree/v1.3"
            },
            "time": "2020-01-28T21:41:16+00:00"
        },
        {
            "name": "evenement/evenement",
            "version": "v3.0.2",
            "source": {
                "type": "git",
                "url": "https://github.com/igorw/evenement.git",
                "reference": "0a16b0d71ab13284339abb99d9d2bd813640efbc"
            },
            "dist": {
                "type": "zip",
                "url": "https://api.github.com/repos/igorw/evenement/zipball/0a16b0d71ab13284339abb99d9d2bd813640efbc",
                "reference": "0a16b0d71ab13284339abb99d9d2bd813640efbc",
                "shasum": ""
            },
            "require": {
                "php": ">=7.0"
            },
            "require-dev": {
                "phpunit/phpunit": "^9 || ^6"
            },
            "type": "library",
            "autoload": {
                "psr-4": {
                    "Evenement\\": "src/"
                }
            },
            "notification-url": "https://packagist.org/downloads/",
            "license": [
                "MIT"
            ],
            "authors": [
                {
                    "name": "Igor Wiedler",
                    "email": "igor@wiedler.ch"
                }
            ],
            "description": "Événement is a very simple event dispatching library for PHP",
            "keywords": [
                "event-dispatcher",
                "event-emitter"
            ],
            "support": {
                "issues": "https://github.com/igorw/evenement/issues",
                "source": "https://github.com/igorw/evenement/tree/v3.0.2"
            },
            "time": "2023-08-08T05:53:35+00:00"
        },
        {
            "name": "pecee/simple-router",
            "version": "dev-master",
            "source": {
                "type": "git",
                "url": "https://github.com/skipperbent/simple-php-router.git",
                "reference": "749f252ffba98955311235cc2befc8ab742a151c"
            },
            "dist": {
                "type": "zip",
                "url": "https://api.github.com/repos/skipperbent/simple-php-router/zipball/749f252ffba98955311235cc2befc8ab742a151c",
                "reference": "749f252ffba98955311235cc2befc8ab742a151c",
                "shasum": ""
            },
            "require": {
                "ext-json": "*",
                "php": ">=7.1"
            },
            "require-dev": {
                "mockery/mockery": "^1",
                "phpstan/phpstan": "^0",
                "phpstan/phpstan-deprecation-rules": "^0",
                "phpstan/phpstan-phpunit": "^0",
                "phpstan/phpstan-strict-rules": "^0",
                "phpunit/phpunit": "^7"
            },
            "default-branch": true,
            "type": "library",
            "autoload": {
                "psr-4": {
                    "Pecee\\": "src/Pecee/"
                }
            },
            "notification-url": "https://packagist.org/downloads/",
            "license": [
                "MIT"
            ],
            "authors": [
                {
                    "name": "Simon Sessingø",
                    "email": "simon.sessingoe@gmail.com"
                }
            ],
            "description": "Simple, fast PHP router that is easy to get integrated and in almost any project. Heavily inspired by the Laravel router.",
            "keywords": [
                "framework",
                "input-handler",
                "laravel",
                "pecee",
                "php",
                "request-handler",
                "route",
                "router",
                "routing",
                "routing-engine",
                "simple-php-router",
                "url-handling"
            ],
            "support": {
                "issues": "https://github.com/skipperbent/simple-php-router/issues",
                "source": "https://github.com/skipperbent/simple-php-router/issues"
            },
            "time": "2021-07-17T23:45:46+00:00"
        },
        {
            "name": "php-ffmpeg/php-ffmpeg",
            "version": "dev-master",
            "source": {
                "type": "git",
                "url": "https://github.com/PHP-FFMpeg/PHP-FFMpeg.git",
                "reference": "785a5ba05dd88b3b8146f85f18476b259b23917c"
            },
            "dist": {
                "type": "zip",
                "url": "https://api.github.com/repos/PHP-FFMpeg/PHP-FFMpeg/zipball/785a5ba05dd88b3b8146f85f18476b259b23917c",
                "reference": "785a5ba05dd88b3b8146f85f18476b259b23917c",
                "shasum": ""
            },
            "require": {
                "evenement/evenement": "^3.0",
                "php": "^8.0 || ^8.1 || ^8.2 || ^8.3",
                "psr/log": "^1.0 || ^2.0 || ^3.0",
                "spatie/temporary-directory": "^2.0",
                "symfony/cache": "^5.4 || ^6.0 || ^7.0",
                "symfony/process": "^5.4 || ^6.0 || ^7.0"
            },
            "require-dev": {
                "mockery/mockery": "^1.5",
                "phpunit/phpunit": "^9.5.10"
            },
            "suggest": {
                "php-ffmpeg/extras": "A compilation of common audio & video drivers for PHP-FFMpeg"
            },
            "default-branch": true,
            "type": "library",
            "autoload": {
                "psr-4": {
                    "FFMpeg\\": "src/FFMpeg",
                    "Alchemy\\BinaryDriver\\": "src/Alchemy/BinaryDriver"
                }
            },
            "notification-url": "https://packagist.org/downloads/",
            "license": [
                "MIT"
            ],
            "authors": [
                {
                    "name": "Romain Neutron",
                    "email": "imprec@gmail.com",
                    "homepage": "http://www.lickmychip.com/"
                },
                {
                    "name": "Phraseanet Team",
                    "email": "info@alchemy.fr",
                    "homepage": "http://www.phraseanet.com/"
                },
                {
                    "name": "Patrik Karisch",
                    "email": "patrik@karisch.guru",
                    "homepage": "http://www.karisch.guru"
                },
                {
                    "name": "Romain Biard",
                    "email": "romain.biard@gmail.com",
                    "homepage": "https://www.strime.io/"
                },
                {
                    "name": "Jens Hausdorf",
                    "email": "hello@jens-hausdorf.de",
                    "homepage": "https://jens-hausdorf.de"
                },
                {
                    "name": "Pascal Baljet",
                    "email": "pascal@protone.media",
                    "homepage": "https://protone.media"
                }
            ],
            "description": "FFMpeg PHP, an Object Oriented library to communicate with AVconv / ffmpeg",
            "keywords": [
                "audio",
                "audio processing",
                "avconv",
                "avprobe",
                "ffmpeg",
                "ffprobe",
                "video",
                "video processing"
            ],
            "support": {
                "issues": "https://github.com/PHP-FFMpeg/PHP-FFMpeg/issues",
                "source": "https://github.com/PHP-FFMpeg/PHP-FFMpeg/tree/v1.2.0"
            },
            "time": "2024-01-02T10:37:01+00:00"
        },
        {
            "name": "phpmailer/phpmailer",
            "version": "dev-master",
            "source": {
                "type": "git",
                "url": "https://github.com/PHPMailer/PHPMailer.git",
                "reference": "6939bf9828c130d7e9b54a83896d98b008123fa1"
            },
            "dist": {
                "type": "zip",
                "url": "https://api.github.com/repos/PHPMailer/PHPMailer/zipball/6939bf9828c130d7e9b54a83896d98b008123fa1",
                "reference": "6939bf9828c130d7e9b54a83896d98b008123fa1",
                "shasum": ""
            },
            "require": {
                "ext-ctype": "*",
                "ext-filter": "*",
                "ext-hash": "*",
                "php": ">=5.5.0"
            },
            "require-dev": {
                "dealerdirect/phpcodesniffer-composer-installer": "^1.0",
                "doctrine/annotations": "^1.2.6 || ^1.13.3",
                "php-parallel-lint/php-console-highlighter": "^1.0.0",
                "php-parallel-lint/php-parallel-lint": "^1.3.2",
                "phpcompatibility/php-compatibility": "^9.3.5",
                "roave/security-advisories": "dev-latest",
                "squizlabs/php_codesniffer": "^3.7.2",
                "yoast/phpunit-polyfills": "^1.0.4"
            },
            "suggest": {
                "decomplexity/SendOauth2": "Adapter for using XOAUTH2 authentication",
                "ext-mbstring": "Needed to send email in multibyte encoding charset or decode encoded addresses",
                "ext-openssl": "Needed for secure SMTP sending and DKIM signing",
                "greew/oauth2-azure-provider": "Needed for Microsoft Azure XOAUTH2 authentication",
                "hayageek/oauth2-yahoo": "Needed for Yahoo XOAUTH2 authentication",
                "league/oauth2-google": "Needed for Google XOAUTH2 authentication",
                "psr/log": "For optional PSR-3 debug logging",
                "symfony/polyfill-mbstring": "To support UTF-8 if the Mbstring PHP extension is not enabled (^1.2)",
                "thenetworg/oauth2-azure": "Needed for Microsoft XOAUTH2 authentication"
            },
            "default-branch": true,
            "type": "library",
            "autoload": {
                "psr-4": {
                    "PHPMailer\\PHPMailer\\": "src/"
                }
            },
            "notification-url": "https://packagist.org/downloads/",
            "license": [
                "LGPL-2.1-only"
            ],
            "authors": [
                {
                    "name": "Marcus Bointon",
                    "email": "phpmailer@synchromedia.co.uk"
                },
                {
                    "name": "Jim Jagielski",
                    "email": "jimjag@gmail.com"
                },
                {
                    "name": "Andy Prevost",
                    "email": "codeworxtech@users.sourceforge.net"
                },
                {
                    "name": "Brent R. Matzelle"
                }
            ],
            "description": "PHPMailer is a full-featured email creation and transfer class for PHP",
            "support": {
                "issues": "https://github.com/PHPMailer/PHPMailer/issues",
                "source": "https://github.com/PHPMailer/PHPMailer/tree/master"
            },
            "funding": [
                {
                    "url": "https://github.com/Synchro",
                    "type": "github"
                }
            ],
            "time": "2024-01-25T09:36:39+00:00"
        },
        {
            "name": "psr/cache",
            "version": "dev-master",
            "source": {
                "type": "git",
                "url": "https://github.com/php-fig/cache.git",
                "reference": "0a7c67d0d1c8167b342eb74339d6f961663826ce"
            },
            "dist": {
                "type": "zip",
                "url": "https://api.github.com/repos/php-fig/cache/zipball/0a7c67d0d1c8167b342eb74339d6f961663826ce",
                "reference": "0a7c67d0d1c8167b342eb74339d6f961663826ce",
                "shasum": ""
            },
            "require": {
                "php": ">=8.0.0"
            },
            "suggest": {
                "fig/cache-util": "Provides some useful PSR-6 utilities"
            },
            "default-branch": true,
            "type": "library",
            "extra": {
                "branch-alias": {
                    "dev-master": "3.0.x-dev"
                }
            },
            "autoload": {
                "psr-4": {
                    "Psr\\Cache\\": "src/"
                }
            },
            "notification-url": "https://packagist.org/downloads/",
            "license": [
                "MIT"
            ],
            "authors": [
                {
                    "name": "PHP-FIG",
                    "homepage": "https://www.php-fig.org/"
                }
            ],
            "description": "Common interface for caching libraries",
            "keywords": [
                "cache",
                "psr",
                "psr-6"
            ],
            "support": {
                "source": "https://github.com/php-fig/cache/tree/master"
            },
            "time": "2021-02-24T03:25:37+00:00"
        },
        {
            "name": "psr/container",
            "version": "dev-master",
            "source": {
                "type": "git",
                "url": "https://github.com/php-fig/container.git",
                "reference": "707984727bd5b2b670e59559d3ed2500240cf875"
            },
            "dist": {
                "type": "zip",
                "url": "https://api.github.com/repos/php-fig/container/zipball/707984727bd5b2b670e59559d3ed2500240cf875",
                "reference": "707984727bd5b2b670e59559d3ed2500240cf875",
                "shasum": ""
            },
            "require": {
                "php": ">=7.4.0"
            },
            "default-branch": true,
            "type": "library",
            "extra": {
                "branch-alias": {
                    "dev-master": "2.0.x-dev"
                }
            },
            "autoload": {
                "psr-4": {
                    "Psr\\Container\\": "src/"
                }
            },
            "notification-url": "https://packagist.org/downloads/",
            "license": [
                "MIT"
            ],
            "authors": [
                {
                    "name": "PHP-FIG",
                    "homepage": "https://www.php-fig.org/"
                }
            ],
            "description": "Common Container Interface (PHP FIG PSR-11)",
            "homepage": "https://github.com/php-fig/container",
            "keywords": [
                "PSR-11",
                "container",
                "container-interface",
                "container-interop",
                "psr"
            ],
            "support": {
                "issues": "https://github.com/php-fig/container/issues",
                "source": "https://github.com/php-fig/container"
            },
            "time": "2023-09-22T11:11:30+00:00"
        },
        {
            "name": "psr/log",
            "version": "dev-master",
            "source": {
                "type": "git",
                "url": "https://github.com/php-fig/log.git",
                "reference": "fe5ea303b0887d5caefd3d431c3e61ad47037001"
            },
            "dist": {
                "type": "zip",
                "url": "https://api.github.com/repos/php-fig/log/zipball/fe5ea303b0887d5caefd3d431c3e61ad47037001",
                "reference": "fe5ea303b0887d5caefd3d431c3e61ad47037001",
                "shasum": ""
            },
            "require": {
                "php": ">=8.0.0"
            },
            "default-branch": true,
            "type": "library",
            "extra": {
                "branch-alias": {
                    "dev-master": "3.x-dev"
                }
            },
            "autoload": {
                "psr-4": {
                    "Psr\\Log\\": "src"
                }
            },
            "notification-url": "https://packagist.org/downloads/",
            "license": [
                "MIT"
            ],
            "authors": [
                {
                    "name": "PHP-FIG",
                    "homepage": "https://www.php-fig.org/"
                }
            ],
            "description": "Common interface for logging libraries",
            "homepage": "https://github.com/php-fig/log",
            "keywords": [
                "log",
                "psr",
                "psr-3"
            ],
            "support": {
                "source": "https://github.com/php-fig/log/tree/3.0.0"
            },
            "time": "2021-07-14T16:46:02+00:00"
        },
        {
            "name": "spatie/temporary-directory",
            "version": "2.2.1",
            "source": {
                "type": "git",
                "url": "https://github.com/spatie/temporary-directory.git",
                "reference": "76949fa18f8e1a7f663fd2eaa1d00e0bcea0752a"
            },
            "dist": {
                "type": "zip",
                "url": "https://api.github.com/repos/spatie/temporary-directory/zipball/76949fa18f8e1a7f663fd2eaa1d00e0bcea0752a",
                "reference": "76949fa18f8e1a7f663fd2eaa1d00e0bcea0752a",
                "shasum": ""
            },
            "require": {
                "php": "^8.0"
            },
            "require-dev": {
                "phpunit/phpunit": "^9.5"
            },
            "type": "library",
            "autoload": {
                "psr-4": {
                    "Spatie\\TemporaryDirectory\\": "src"
                }
            },
            "notification-url": "https://packagist.org/downloads/",
            "license": [
                "MIT"
            ],
            "authors": [
                {
                    "name": "Alex Vanderbist",
                    "email": "alex@spatie.be",
                    "homepage": "https://spatie.be",
                    "role": "Developer"
                }
            ],
            "description": "Easily create, use and destroy temporary directories",
            "homepage": "https://github.com/spatie/temporary-directory",
            "keywords": [
                "php",
                "spatie",
                "temporary-directory"
            ],
            "support": {
                "issues": "https://github.com/spatie/temporary-directory/issues",
                "source": "https://github.com/spatie/temporary-directory/tree/2.2.1"
            },
            "funding": [
                {
                    "url": "https://spatie.be/open-source/support-us",
                    "type": "custom"
                },
                {
                    "url": "https://github.com/spatie",
                    "type": "github"
                }
            ],
            "time": "2023-12-25T11:46:58+00:00"
        },
        {
            "name": "symfony/cache",
            "version": "6.0.x-dev",
            "source": {
                "type": "git",
                "url": "https://github.com/symfony/cache.git",
                "reference": "81ca309f056e836480928b20280ec52ce8369bb3"
            },
            "dist": {
                "type": "zip",
                "url": "https://api.github.com/repos/symfony/cache/zipball/81ca309f056e836480928b20280ec52ce8369bb3",
                "reference": "81ca309f056e836480928b20280ec52ce8369bb3",
                "shasum": ""
            },
            "require": {
                "php": ">=8.0.2",
                "psr/cache": "^2.0|^3.0",
                "psr/log": "^1.1|^2|^3",
                "symfony/cache-contracts": "^1.1.7|^2|^3",
                "symfony/service-contracts": "^1.1|^2|^3",
                "symfony/var-exporter": "^5.4|^6.0"
            },
            "conflict": {
                "doctrine/dbal": "<2.13.1",
                "symfony/dependency-injection": "<5.4",
                "symfony/http-kernel": "<5.4",
                "symfony/var-dumper": "<5.4"
            },
            "provide": {
                "psr/cache-implementation": "2.0|3.0",
                "psr/simple-cache-implementation": "1.0|2.0|3.0",
                "symfony/cache-implementation": "1.1|2.0|3.0"
            },
            "require-dev": {
                "cache/integration-tests": "dev-master",
                "doctrine/dbal": "^2.13.1|^3.0",
                "predis/predis": "^1.1",
                "psr/simple-cache": "^1.0|^2.0|^3.0",
                "symfony/config": "^5.4|^6.0",
                "symfony/dependency-injection": "^5.4|^6.0",
                "symfony/filesystem": "^5.4|^6.0",
                "symfony/http-kernel": "^5.4|^6.0",
                "symfony/messenger": "^5.4|^6.0",
                "symfony/var-dumper": "^5.4|^6.0"
            },
            "type": "library",
            "autoload": {
                "psr-4": {
                    "Symfony\\Component\\Cache\\": ""
                },
                "exclude-from-classmap": [
                    "/Tests/"
                ]
            },
            "notification-url": "https://packagist.org/downloads/",
            "license": [
                "MIT"
            ],
            "authors": [
                {
                    "name": "Nicolas Grekas",
                    "email": "p@tchwork.com"
                },
                {
                    "name": "Symfony Community",
                    "homepage": "https://symfony.com/contributors"
                }
            ],
            "description": "Provides extended PSR-6, PSR-16 (and tags) implementations",
            "homepage": "https://symfony.com",
            "keywords": [
                "caching",
                "psr6"
            ],
            "support": {
                "source": "https://github.com/symfony/cache/tree/6.0"
            },
            "funding": [
                {
                    "url": "https://symfony.com/sponsor",
                    "type": "custom"
                },
                {
                    "url": "https://github.com/fabpot",
                    "type": "github"
                },
                {
                    "url": "https://tidelift.com/funding/github/packagist/symfony/symfony",
                    "type": "tidelift"
                }
            ],
            "time": "2023-01-20T17:44:14+00:00"
        },
        {
            "name": "symfony/cache-contracts",
            "version": "3.0.x-dev",
            "source": {
                "type": "git",
                "url": "https://github.com/symfony/cache-contracts.git",
                "reference": "d9574f332c9c07655f4b252525d289086ce06a0e"
            },
            "dist": {
                "type": "zip",
                "url": "https://api.github.com/repos/symfony/cache-contracts/zipball/d9574f332c9c07655f4b252525d289086ce06a0e",
                "reference": "d9574f332c9c07655f4b252525d289086ce06a0e",
                "shasum": ""
            },
            "require": {
                "php": ">=8.0.2",
                "psr/cache": "^3.0"
            },
            "suggest": {
                "symfony/cache-implementation": ""
            },
            "type": "library",
            "extra": {
                "branch-alias": {
                    "dev-main": "3.0-dev"
                },
                "thanks": {
                    "name": "symfony/contracts",
                    "url": "https://github.com/symfony/contracts"
                }
            },
            "autoload": {
                "psr-4": {
                    "Symfony\\Contracts\\Cache\\": ""
                }
            },
            "notification-url": "https://packagist.org/downloads/",
            "license": [
                "MIT"
            ],
            "authors": [
                {
                    "name": "Nicolas Grekas",
                    "email": "p@tchwork.com"
                },
                {
                    "name": "Symfony Community",
                    "homepage": "https://symfony.com/contributors"
                }
            ],
            "description": "Generic abstractions related to caching",
            "homepage": "https://symfony.com",
            "keywords": [
                "abstractions",
                "contracts",
                "decoupling",
                "interfaces",
                "interoperability",
                "standards"
            ],
            "support": {
                "source": "https://github.com/symfony/cache-contracts/tree/3.0"
            },
            "funding": [
                {
                    "url": "https://symfony.com/sponsor",
                    "type": "custom"
                },
                {
                    "url": "https://github.com/fabpot",
                    "type": "github"
                },
                {
                    "url": "https://tidelift.com/funding/github/packagist/symfony/symfony",
                    "type": "tidelift"
                }
            ],
            "time": "2023-01-01T08:36:10+00:00"
        },
        {
            "name": "symfony/polyfill-ctype",
            "version": "dev-main",
            "source": {
                "type": "git",
                "url": "https://github.com/symfony/polyfill-ctype.git",
                "reference": "6fd1b9a79f6e3cf65f9e679b23af304cd9e010d4"
            },
            "dist": {
                "type": "zip",
                "url": "https://api.github.com/repos/symfony/polyfill-ctype/zipball/6fd1b9a79f6e3cf65f9e679b23af304cd9e010d4",
                "reference": "6fd1b9a79f6e3cf65f9e679b23af304cd9e010d4",
                "shasum": ""
            },
            "require": {
                "php": ">=7.1"
            },
            "provide": {
                "ext-ctype": "*"
            },
            "suggest": {
                "ext-ctype": "For best performance"
            },
            "default-branch": true,
            "type": "library",
            "extra": {
                "branch-alias": {
                    "dev-main": "1.26-dev"
                },
                "thanks": {
                    "name": "symfony/polyfill",
                    "url": "https://github.com/symfony/polyfill"
                }
            },
            "autoload": {
                "files": [
                    "bootstrap.php"
                ],
                "psr-4": {
                    "Symfony\\Polyfill\\Ctype\\": ""
                }
            },
            "notification-url": "https://packagist.org/downloads/",
            "license": [
                "MIT"
            ],
            "authors": [
                {
                    "name": "Gert de Pagter",
                    "email": "BackEndTea@gmail.com"
                },
                {
                    "name": "Symfony Community",
                    "homepage": "https://symfony.com/contributors"
                }
            ],
            "description": "Symfony polyfill for ctype functions",
            "homepage": "https://symfony.com",
            "keywords": [
                "compatibility",
                "ctype",
                "polyfill",
                "portable"
            ],
            "support": {
                "source": "https://github.com/symfony/polyfill-ctype/tree/v1.26.0"
            },
            "funding": [
                {
                    "url": "https://symfony.com/sponsor",
                    "type": "custom"
                },
                {
                    "url": "https://github.com/fabpot",
                    "type": "github"
                },
                {
                    "url": "https://tidelift.com/funding/github/packagist/symfony/symfony",
                    "type": "tidelift"
                }
            ],
            "time": "2022-05-24T11:49:31+00:00"
        },
        {
            "name": "symfony/polyfill-mbstring",
            "version": "dev-main",
            "source": {
                "type": "git",
                "url": "https://github.com/symfony/polyfill-mbstring.git",
                "reference": "9344f9cb97f3b19424af1a21a3b0e75b0a7d8d7e"
            },
            "dist": {
                "type": "zip",
                "url": "https://api.github.com/repos/symfony/polyfill-mbstring/zipball/9344f9cb97f3b19424af1a21a3b0e75b0a7d8d7e",
                "reference": "9344f9cb97f3b19424af1a21a3b0e75b0a7d8d7e",
                "shasum": ""
            },
            "require": {
                "php": ">=7.1"
            },
            "provide": {
                "ext-mbstring": "*"
            },
            "suggest": {
                "ext-mbstring": "For best performance"
            },
            "default-branch": true,
            "type": "library",
            "extra": {
                "branch-alias": {
                    "dev-main": "1.26-dev"
                },
                "thanks": {
                    "name": "symfony/polyfill",
                    "url": "https://github.com/symfony/polyfill"
                }
            },
            "autoload": {
                "files": [
                    "bootstrap.php"
                ],
                "psr-4": {
                    "Symfony\\Polyfill\\Mbstring\\": ""
                }
            },
            "notification-url": "https://packagist.org/downloads/",
            "license": [
                "MIT"
            ],
            "authors": [
                {
                    "name": "Nicolas Grekas",
                    "email": "p@tchwork.com"
                },
                {
                    "name": "Symfony Community",
                    "homepage": "https://symfony.com/contributors"
                }
            ],
            "description": "Symfony polyfill for the Mbstring extension",
            "homepage": "https://symfony.com",
            "keywords": [
                "compatibility",
                "mbstring",
                "polyfill",
                "portable",
                "shim"
            ],
            "support": {
                "source": "https://github.com/symfony/polyfill-mbstring/tree/v1.26.0"
            },
            "funding": [
                {
                    "url": "https://symfony.com/sponsor",
                    "type": "custom"
                },
                {
                    "url": "https://github.com/fabpot",
                    "type": "github"
                },
                {
                    "url": "https://tidelift.com/funding/github/packagist/symfony/symfony",
                    "type": "tidelift"
                }
            ],
            "time": "2022-05-24T11:49:31+00:00"
        },
        {
            "name": "symfony/process",
            "version": "6.0.x-dev",
            "source": {
                "type": "git",
                "url": "https://github.com/symfony/process.git",
                "reference": "2114fd60f26a296cc403a7939ab91478475a33d4"
            },
            "dist": {
                "type": "zip",
                "url": "https://api.github.com/repos/symfony/process/zipball/2114fd60f26a296cc403a7939ab91478475a33d4",
                "reference": "2114fd60f26a296cc403a7939ab91478475a33d4",
                "shasum": ""
            },
            "require": {
                "php": ">=8.0.2"
            },
            "type": "library",
            "autoload": {
                "psr-4": {
                    "Symfony\\Component\\Process\\": ""
                },
                "exclude-from-classmap": [
                    "/Tests/"
                ]
            },
            "notification-url": "https://packagist.org/downloads/",
            "license": [
                "MIT"
            ],
            "authors": [
                {
                    "name": "Fabien Potencier",
                    "email": "fabien@symfony.com"
                },
                {
                    "name": "Symfony Community",
                    "homepage": "https://symfony.com/contributors"
                }
            ],
            "description": "Executes commands in sub-processes",
            "homepage": "https://symfony.com",
            "support": {
                "source": "https://github.com/symfony/process/tree/6.0"
            },
            "funding": [
                {
                    "url": "https://symfony.com/sponsor",
                    "type": "custom"
                },
                {
                    "url": "https://github.com/fabpot",
                    "type": "github"
                },
                {
                    "url": "https://tidelift.com/funding/github/packagist/symfony/symfony",
                    "type": "tidelift"
                }
            ],
            "time": "2023-01-01T08:36:10+00:00"
        },
        {
            "name": "symfony/service-contracts",
            "version": "3.0.x-dev",
            "source": {
                "type": "git",
                "url": "https://github.com/symfony/service-contracts.git",
                "reference": "24ce74899f476f56d7e6c148c809afef0b7de19c"
            },
            "dist": {
                "type": "zip",
                "url": "https://api.github.com/repos/symfony/service-contracts/zipball/24ce74899f476f56d7e6c148c809afef0b7de19c",
                "reference": "24ce74899f476f56d7e6c148c809afef0b7de19c",
                "shasum": ""
            },
            "require": {
                "php": ">=8.0.2",
                "psr/container": "^2.0"
            },
            "conflict": {
                "ext-psr": "<1.1|>=2"
            },
            "suggest": {
                "symfony/service-implementation": ""
            },
            "type": "library",
            "extra": {
                "branch-alias": {
                    "dev-main": "3.0-dev"
                },
                "thanks": {
                    "name": "symfony/contracts",
                    "url": "https://github.com/symfony/contracts"
                }
            },
            "autoload": {
                "psr-4": {
                    "Symfony\\Contracts\\Service\\": ""
                }
            },
            "notification-url": "https://packagist.org/downloads/",
            "license": [
                "MIT"
            ],
            "authors": [
                {
                    "name": "Nicolas Grekas",
                    "email": "p@tchwork.com"
                },
                {
                    "name": "Symfony Community",
                    "homepage": "https://symfony.com/contributors"
                }
            ],
            "description": "Generic abstractions related to writing services",
            "homepage": "https://symfony.com",
            "keywords": [
                "abstractions",
                "contracts",
                "decoupling",
                "interfaces",
                "interoperability",
                "standards"
            ],
            "support": {
                "source": "https://github.com/symfony/service-contracts/tree/3.0"
            },
            "funding": [
                {
                    "url": "https://symfony.com/sponsor",
                    "type": "custom"
                },
                {
                    "url": "https://github.com/fabpot",
                    "type": "github"
                },
                {
                    "url": "https://tidelift.com/funding/github/packagist/symfony/symfony",
                    "type": "tidelift"
                }
            ],
            "time": "2023-01-01T08:36:10+00:00"
        },
        {
            "name": "symfony/var-exporter",
            "version": "6.0.x-dev",
            "source": {
                "type": "git",
                "url": "https://github.com/symfony/var-exporter.git",
                "reference": "df56f53818c2d5d9f683f4ad2e365ba73a3b69d2"
            },
            "dist": {
                "type": "zip",
                "url": "https://api.github.com/repos/symfony/var-exporter/zipball/df56f53818c2d5d9f683f4ad2e365ba73a3b69d2",
                "reference": "df56f53818c2d5d9f683f4ad2e365ba73a3b69d2",
                "shasum": ""
            },
            "require": {
                "php": ">=8.0.2"
            },
            "require-dev": {
                "symfony/var-dumper": "^5.4|^6.0"
            },
            "type": "library",
            "autoload": {
                "psr-4": {
                    "Symfony\\Component\\VarExporter\\": ""
                },
                "exclude-from-classmap": [
                    "/Tests/"
                ]
            },
            "notification-url": "https://packagist.org/downloads/",
            "license": [
                "MIT"
            ],
            "authors": [
                {
                    "name": "Nicolas Grekas",
                    "email": "p@tchwork.com"
                },
                {
                    "name": "Symfony Community",
                    "homepage": "https://symfony.com/contributors"
                }
            ],
            "description": "Allows exporting any serializable PHP data structure to plain PHP code",
            "homepage": "https://symfony.com",
            "keywords": [
                "clone",
                "construct",
                "export",
                "hydrate",
                "instantiate",
                "serialize"
            ],
            "support": {
                "source": "https://github.com/symfony/var-exporter/tree/6.0"
            },
            "funding": [
                {
                    "url": "https://symfony.com/sponsor",
                    "type": "custom"
                },
                {
                    "url": "https://github.com/fabpot",
                    "type": "github"
                },
                {
                    "url": "https://tidelift.com/funding/github/packagist/symfony/symfony",
                    "type": "tidelift"
                }
            ],
            "time": "2023-01-13T08:34:10+00:00"
        },
        {
            "name": "twig/twig",
            "version": "3.x-dev",
            "source": {
                "type": "git",
                "url": "https://github.com/twigphp/Twig.git",
                "reference": "7a2e23ce17c048d2c393a55d76d72eb0dbbf356b"
            },
            "dist": {
                "type": "zip",
                "url": "https://api.github.com/repos/twigphp/Twig/zipball/7a2e23ce17c048d2c393a55d76d72eb0dbbf356b",
                "reference": "7a2e23ce17c048d2c393a55d76d72eb0dbbf356b",
                "shasum": ""
            },
            "require": {
                "php": ">=7.2.5",
                "symfony/polyfill-ctype": "^1.8",
                "symfony/polyfill-mbstring": "^1.3"
            },
            "require-dev": {
                "psr/container": "^1.0",
                "symfony/phpunit-bridge": "^4.4.9|^5.0.9|^6.0"
            },
            "default-branch": true,
            "type": "library",
            "extra": {
                "branch-alias": {
                    "dev-master": "3.4-dev"
                }
            },
            "autoload": {
                "psr-4": {
                    "Twig\\": "src/"
                }
            },
            "notification-url": "https://packagist.org/downloads/",
            "license": [
                "BSD-3-Clause"
            ],
            "authors": [
                {
                    "name": "Fabien Potencier",
                    "email": "fabien@symfony.com",
                    "homepage": "http://fabien.potencier.org",
                    "role": "Lead Developer"
                },
                {
                    "name": "Twig Team",
                    "role": "Contributors"
                },
                {
                    "name": "Armin Ronacher",
                    "email": "armin.ronacher@active-4.com",
                    "role": "Project Founder"
                }
            ],
            "description": "Twig, the flexible, fast, and secure template language for PHP",
            "homepage": "https://twig.symfony.com",
            "keywords": [
                "templating"
            ],
            "support": {
                "issues": "https://github.com/twigphp/Twig/issues",
                "source": "https://github.com/twigphp/Twig/tree/3.x"
            },
            "funding": [
                {
                    "url": "https://github.com/fabpot",
                    "type": "github"
                },
                {
                    "url": "https://tidelift.com/funding/github/packagist/twig/twig",
                    "type": "tidelift"
                }
            ],
            "time": "2022-09-28T08:43:25+00:00"
        },
        {
            "name": "verot/class.upload.php",
            "version": "dev-master",
            "source": {
                "type": "git",
                "url": "https://github.com/verot/class.upload.php.git",
                "reference": "befbccc2330b0ccb148fc87495896bd7b57f8c57"
            },
            "dist": {
                "type": "zip",
                "url": "https://api.github.com/repos/verot/class.upload.php/zipball/befbccc2330b0ccb148fc87495896bd7b57f8c57",
                "reference": "befbccc2330b0ccb148fc87495896bd7b57f8c57",
                "shasum": ""
            },
            "require": {
                "php": ">=5.3"
            },
            "default-branch": true,
            "type": "library",
            "autoload": {
                "classmap": [
                    "src/class.upload.php"
                ]
            },
            "notification-url": "https://packagist.org/downloads/",
            "license": [
                "GPL-2.0-only"
            ],
            "authors": [
                {
                    "name": "Colin Verot",
                    "email": "colin@verot.net"
                }
            ],
            "description": "This PHP class uploads files and manipulates images very easily.",
            "homepage": "http://www.verot.net/php_class_upload.htm",
            "keywords": [
                "gd",
                "upload"
            ],
            "support": {
                "email": "colin@verot.net",
                "issues": "https://github.com/verot/class.upload.php/issues",
                "source": "https://github.com/verot/class.upload.php/tree/master"
            },
            "time": "2023-12-06T23:03:32+00:00"
        }
    ],
    "packages-dev": [],
    "aliases": [],
    "minimum-stability": "dev",
    "stability-flags": {
        "pecee/simple-router": 20,
        "digitalnature/php-ref": 20,
        "verot/class.upload.php": 20,
        "phpmailer/phpmailer": 20,
        "php-ffmpeg/php-ffmpeg": 20
    },
    "prefer-stable": false,
    "prefer-lowest": false,
    "platform": {
        "php": ">=8.0"
    },
    "platform-dev": [],
    "plugin-api-version": "2.3.0"
}
